
Microsoft Visual Studio Solution File, Format Version 12.00
# Visual Studio Version 16
VisualStudioVersion = 16.0.31025.194
MinimumVisualStudioVersion = 10.0.40219.1
Project("{8BC9CEB8-8B4A-11D0-8D11-00A0C91BC942}") = "Freind", "Freind\Freind.vcxproj", "{306667C0-4C6E-4318-93F4-5A7EFC4FF4CA}"
EndProject
Project("{8BC9CEB8-8B4A-11D0-8D11-00A0C91BC942}") = "연산자중복", "연산자중복\연산자중복.vcxproj", "{F30373F0-0DA3-4883-A1A7-6B16D310C146}"
EndProject
Project("{8BC9CEB8-8B4A-11D0-8D11-00A0C91BC942}") = "단항연산자", "단항연산자\단항연산자.vcxproj", "{CC87E5A6-7AD1-4D64-872D-291781CC49DF}"
EndProject
Project("{8BC9CEB8-8B4A-11D0-8D11-00A0C91BC942}") = "퀴즈7", "퀴즈7\퀴즈7.vcxproj", "{B0844224-D896-4F7F-BE56-C7A4B4D68414}"
EndProject
Project("{8BC9CEB8-8B4A-11D0-8D11-00A0C91BC942}") = "문제", "문제\문제.vcxproj", "{9DC2D85E-F1B1-4093-8657-35975029780A}"
EndProject
Project("{8BC9CEB8-8B4A-11D0-8D11-00A0C91BC942}") = "prac", "prac\prac.vcxproj", "{ADD649DB-84E6-4316-92BA-38C46C7ACAFB}"
EndProject
Project("{8BC9CEB8-8B4A-11D0-8D11-00A0C91BC942}") = "퀴즈7_연습", "퀴즈7_연습\퀴즈7_연습.vcxproj", "{7F2D91A1-3C74-4557-A783-B949CEE83350}"
EndProject
Project("{8BC9CEB8-8B4A-11D0-8D11-00A0C91BC942}") = "check p.326", "check p.326\check p.326.vcxproj", "{1B354C0F-36FD-4FCD-802F-4AB901559F75}"
EndProject
Project("{8BC9CEB8-8B4A-11D0-8D11-00A0C91BC942}") = "p.341", "p.341\p.341.vcxproj", "{37A2AF62-A52F-4129-9615-BA145CE09A48}"
EndProject
Project("{8BC9CEB8-8B4A-11D0-8D11-00A0C91BC942}") = "연습문제6", "연습문제6\연습문제6.vcxproj", "{93ED35FF-69EE-4AF6-AD81-6D837EAB5C8C}"
EndProject
Project("{8BC9CEB8-8B4A-11D0-8D11-00A0C91BC942}") = "연습문제 7", "연습문제 7\연습문제 7.vcxproj", "{6378A352-B16E-4E63-B153-E173693E26B2}"
EndProject
Project("{8BC9CEB8-8B4A-11D0-8D11-00A0C91BC942}") = "연습문제17", "연습문제17\연습문제17.vcxproj", "{E6B652AE-A5B8-4E42-B234-A611C3362630}"
EndProject
Global
	GlobalSection(SolutionConfigurationPlatforms) = preSolution
		Debug|x64 = Debug|x64
		Debug|x86 = Debug|x86
		Release|x64 = Release|x64
		Release|x86 = Release|x86
	EndGlobalSection
	GlobalSection(ProjectConfigurationPlatforms) = postSolution
		{306667C0-4C6E-4318-93F4-5A7EFC4FF4CA}.Debug|x64.ActiveCfg = Debug|x64
		{306667C0-4C6E-4318-93F4-5A7EFC4FF4CA}.Debug|x64.Build.0 = Debug|x64
		{306667C0-4C6E-4318-93F4-5A7EFC4FF4CA}.Debug|x86.ActiveCfg = Debug|Win32
		{306667C0-4C6E-4318-93F4-5A7EFC4FF4CA}.Debug|x86.Build.0 = Debug|Win32
		{306667C0-4C6E-4318-93F4-5A7EFC4FF4CA}.Release|x64.ActiveCfg = Release|x64
		{306667C0-4C6E-4318-93F4-5A7EFC4FF4CA}.Release|x64.Build.0 = Release|x64
		{306667C0-4C6E-4318-93F4-5A7EFC4FF4CA}.Release|x86.ActiveCfg = Release|Win32
		{306667C0-4C6E-4318-93F4-5A7EFC4FF4CA}.Release|x86.Build.0 = Release|Win32
		{F30373F0-0DA3-4883-A1A7-6B16D310C146}.Debug|x64.ActiveCfg = Debug|x64
		{F30373F0-0DA3-4883-A1A7-6B16D310C146}.Debug|x64.Build.0 = Debug|x64
		{F30373F0-0DA3-4883-A1A7-6B16D310C146}.Debug|x86.ActiveCfg = Debug|Win32
		{F30373F0-0DA3-4883-A1A7-6B16D310C146}.Debug|x86.Build.0 = Debug|Win32
		{F30373F0-0DA3-4883-A1A7-6B16D310C146}.Release|x64.ActiveCfg = Release|x64
		{F30373F0-0DA3-4883-A1A7-6B16D310C146}.Release|x64.Build.0 = Release|x64
		{F30373F0-0DA3-4883-A1A7-6B16D310C146}.Release|x86.ActiveCfg = Release|Win32
		{F30373F0-0DA3-4883-A1A7-6B16D310C146}.Release|x86.Build.0 = Release|Win32
		{CC87E5A6-7AD1-4D64-872D-291781CC49DF}.Debug|x64.ActiveCfg = Debug|x64
		{CC87E5A6-7AD1-4D64-872D-291781CC49DF}.Debug|x64.Build.0 = Debug|x64
		{CC87E5A6-7AD1-4D64-872D-291781CC49DF}.Debug|x86.ActiveCfg = Debug|Win32
		{CC87E5A6-7AD1-4D64-872D-291781CC49DF}.Debug|x86.Build.0 = Debug|Win32
		{CC87E5A6-7AD1-4D64-872D-291781CC49DF}.Release|x64.ActiveCfg = Release|x64
		{CC87E5A6-7AD1-4D64-872D-291781CC49DF}.Release|x64.Build.0 = Release|x64
		{CC87E5A6-7AD1-4D64-872D-291781CC49DF}.Release|x86.ActiveCfg = Release|Win32
		{CC87E5A6-7AD1-4D64-872D-291781CC49DF}.Release|x86.Build.0 = Release|Win32
		{B0844224-D896-4F7F-BE56-C7A4B4D68414}.Debug|x64.ActiveCfg = Debug|x64
		{B0844224-D896-4F7F-BE56-C7A4B4D68414}.Debug|x64.Build.0 = Debug|x64
		{B0844224-D896-4F7F-BE56-C7A4B4D68414}.Debug|x86.ActiveCfg = Debug|Win32
		{B0844224-D896-4F7F-BE56-C7A4B4D68414}.Debug|x86.Build.0 = Debug|Win32
		{B0844224-D896-4F7F-BE56-C7A4B4D68414}.Release|x64.ActiveCfg = Release|x64
		{B0844224-D896-4F7F-BE56-C7A4B4D68414}.Release|x64.Build.0 = Release|x64
		{B0844224-D896-4F7F-BE56-C7A4B4D68414}.Release|x86.ActiveCfg = Release|Win32
		{B0844224-D896-4F7F-BE56-C7A4B4D68414}.Release|x86.Build.0 = Release|Win32
		{9DC2D85E-F1B1-4093-8657-35975029780A}.Debug|x64.ActiveCfg = Debug|x64
		{9DC2D85E-F1B1-4093-8657-35975029780A}.Debug|x64.Build.0 = Debug|x64
		{9DC2D85E-F1B1-4093-8657-35975029780A}.Debug|x86.ActiveCfg = Debug|Win32
		{9DC2D85E-F1B1-4093-8657-35975029780A}.Debug|x86.Build.0 = Debug|Win32
		{9DC2D85E-F1B1-4093-8657-35975029780A}.Release|x64.ActiveCfg = Release|x64
		{9DC2D85E-F1B1-4093-8657-35975029780A}.Release|x64.Build.0 = Release|x64
		{9DC2D85E-F1B1-4093-8657-35975029780A}.Release|x86.ActiveCfg = Release|Win32
		{9DC2D85E-F1B1-4093-8657-35975029780A}.Release|x86.Build.0 = Release|Win32
		{ADD649DB-84E6-4316-92BA-38C46C7ACAFB}.Debug|x64.ActiveCfg = Debug|x64
		{ADD649DB-84E6-4316-92BA-38C46C7ACAFB}.Debug|x64.Build.0 = Debug|x64
		{ADD649DB-84E6-4316-92BA-38C46C7ACAFB}.Debug|x86.ActiveCfg = Debug|Win32
		{ADD649DB-84E6-4316-92BA-38C46C7ACAFB}.Debug|x86.Build.0 = Debug|Win32
		{ADD649DB-84E6-4316-92BA-38C46C7ACAFB}.Release|x64.ActiveCfg = Release|x64
		{ADD649DB-84E6-4316-92BA-38C46C7ACAFB}.Release|x64.Build.0 = Release|x64
		{ADD649DB-84E6-4316-92BA-38C46C7ACAFB}.Release|x86.ActiveCfg = Release|Win32
		{ADD649DB-84E6-4316-92BA-38C46C7ACAFB}.Release|x86.Build.0 = Release|Win32
		{7F2D91A1-3C74-4557-A783-B949CEE83350}.Debug|x64.ActiveCfg = Debug|x64
		{7F2D91A1-3C74-4557-A783-B949CEE83350}.Debug|x64.Build.0 = Debug|x64
		{7F2D91A1-3C74-4557-A783-B949CEE83350}.Debug|x86.ActiveCfg = Debug|Win32
		{7F2D91A1-3C74-4557-A783-B949CEE83350}.Debug|x86.Build.0 = Debug|Win32
		{7F2D91A1-3C74-4557-A783-B949CEE83350}.Release|x64.ActiveCfg = Release|x64
		{7F2D91A1-3C74-4557-A783-B949CEE83350}.Release|x64.Build.0 = Release|x64
		{7F2D91A1-3C74-4557-A783-B949CEE83350}.Release|x86.ActiveCfg = Release|Win32
		{7F2D91A1-3C74-4557-A783-B949CEE83350}.Release|x86.Build.0 = Release|Win32
		{1B354C0F-36FD-4FCD-802F-4AB901559F75}.Debug|x64.ActiveCfg = Debug|x64
		{1B354C0F-36FD-4FCD-802F-4AB901559F75}.Debug|x64.Build.0 = Debug|x64
		{1B354C0F-36FD-4FCD-802F-4AB901559F75}.Debug|x86.ActiveCfg = Debug|Win32
		{1B354C0F-36FD-4FCD-802F-4AB901559F75}.Debug|x86.Build.0 = Debug|Win32
		{1B354C0F-36FD-4FCD-802F-4AB901559F75}.Release|x64.ActiveCfg = Release|x64
		{1B354C0F-36FD-4FCD-802F-4AB901559F75}.Release|x64.Build.0 = Release|x64
		{1B354C0F-36FD-4FCD-802F-4AB901559F75}.Release|x86.ActiveCfg = Release|Win32
		{1B354C0F-36FD-4FCD-802F-4AB901559F75}.Release|x86.Build.0 = Release|Win32
		{37A2AF62-A52F-4129-9615-BA145CE09A48}.Debug|x64.ActiveCfg = Debug|x64
		{37A2AF62-A52F-4129-9615-BA145CE09A48}.Debug|x64.Build.0 = Debug|x64
		{37A2AF62-A52F-4129-9615-BA145CE09A48}.Debug|x86.ActiveCfg = Debug|Win32
		{37A2AF62-A52F-4129-9615-BA145CE09A48}.Debug|x86.Build.0 = Debug|Win32
		{37A2AF62-A52F-4129-9615-BA145CE09A48}.Release|x64.ActiveCfg = Release|x64
		{37A2AF62-A52F-4129-9615-BA145CE09A48}.Release|x64.Build.0 = Release|x64
		{37A2AF62-A52F-4129-9615-BA145CE09A48}.Release|x86.ActiveCfg = Release|Win32
		{37A2AF62-A52F-4129-9615-BA145CE09A48}.Release|x86.Build.0 = Release|Win32
		{93ED35FF-69EE-4AF6-AD81-6D837EAB5C8C}.Debug|x64.ActiveCfg = Debug|x64
		{93ED35FF-69EE-4AF6-AD81-6D837EAB5C8C}.Debug|x64.Build.0 = Debug|x64
		{93ED35FF-69EE-4AF6-AD81-6D837EAB5C8C}.Debug|x86.ActiveCfg = Debug|Win32
		{93ED35FF-69EE-4AF6-AD81-6D837EAB5C8C}.Debug|x86.Build.0 = Debug|Win32
		{93ED35FF-69EE-4AF6-AD81-6D837EAB5C8C}.Release|x64.ActiveCfg = Release|x64
		{93ED35FF-69EE-4AF6-AD81-6D837EAB5C8C}.Release|x64.Build.0 = Release|x64
		{93ED35FF-69EE-4AF6-AD81-6D837EAB5C8C}.Release|x86.ActiveCfg = Release|Win32
		{93ED35FF-69EE-4AF6-AD81-6D837EAB5C8C}.Release|x86.Build.0 = Release|Win32
		{6378A352-B16E-4E63-B153-E173693E26B2}.Debug|x64.ActiveCfg = Debug|x64
		{6378A352-B16E-4E63-B153-E173693E26B2}.Debug|x64.Build.0 = Debug|x64
		{6378A352-B16E-4E63-B153-E173693E26B2}.Debug|x86.ActiveCfg = Debug|Win32
		{6378A352-B16E-4E63-B153-E173693E26B2}.Debug|x86.Build.0 = Debug|Win32
		{6378A352-B16E-4E63-B153-E173693E26B2}.Release|x64.ActiveCfg = Release|x64
		{6378A352-B16E-4E63-B153-E173693E26B2}.Release|x64.Build.0 = Release|x64
		{6378A352-B16E-4E63-B153-E173693E26B2}.Release|x86.ActiveCfg = Release|Win32
		{6378A352-B16E-4E63-B153-E173693E26B2}.Release|x86.Build.0 = Release|Win32
		{E6B652AE-A5B8-4E42-B234-A611C3362630}.Debug|x64.ActiveCfg = Debug|x64
		{E6B652AE-A5B8-4E42-B234-A611C3362630}.Debug|x64.Build.0 = Debug|x64
		{E6B652AE-A5B8-4E42-B234-A611C3362630}.Debug|x86.ActiveCfg = Debug|Win32
		{E6B652AE-A5B8-4E42-B234-A611C3362630}.Debug|x86.Build.0 = Debug|Win32
		{E6B652AE-A5B8-4E42-B234-A611C3362630}.Release|x64.ActiveCfg = Release|x64
		{E6B652AE-A5B8-4E42-B234-A611C3362630}.Release|x64.Build.0 = Release|x64
		{E6B652AE-A5B8-4E42-B234-A611C3362630}.Release|x86.ActiveCfg = Release|Win32
		{E6B652AE-A5B8-4E42-B234-A611C3362630}.Release|x86.Build.0 = Release|Win32
	EndGlobalSection
	GlobalSection(SolutionProperties) = preSolution
		HideSolutionNode = FALSE
	EndGlobalSection
	GlobalSection(ExtensibilityGlobals) = postSolution
		SolutionGuid = {F11FF93C-BB70-4457-B794-A75302672E1A}
	EndGlobalSection
EndGlobal
